
Microsoft Visual Studio Solution File, Format Version 12.00
# Visual Studio Version 16
VisualStudioVersion = 16.0.35425.106
MinimumVisualStudioVersion = 10.0.40219.1
Project("{FAE04EC0-301F-11D3-BF4B-00C04F79EFBC}") = "weighing cell 1", "weighing cell 1\weighing cell 1.csproj", "{1E08C8D0-66ED-4304-AF10-0D2B01326836}"
EndProject
Global
	GlobalSection(SolutionConfigurationPlatforms) = preSolution
		Debug|Any CPU = Debug|Any CPU
		Release|Any CPU = Release|Any CPU
	EndGlobalSection
	GlobalSection(ProjectConfigurationPlatforms) = postSolution
		{1E08C8D0-66ED-4304-AF10-0D2B01326836}.Debug|Any CPU.ActiveCfg = Debug|Any CPU
		{1E08C8D0-66ED-4304-AF10-0D2B01326836}.Debug|Any CPU.Build.0 = Debug|Any CPU
		{1E08C8D0-66ED-4304-AF10-0D2B01326836}.Release|Any CPU.ActiveCfg = Release|Any CPU
		{1E08C8D0-66ED-4304-AF10-0D2B01326836}.Release|Any CPU.Build.0 = Release|Any CPU
	EndGlobalSection
	GlobalSection(SolutionProperties) = preSolution
		HideSolutionNode = FALSE
	EndGlobalSection
	GlobalSection(ExtensibilityGlobals) = postSolution
		SolutionGuid = {1D93C397-9D35-43DC-A14D-AC1BE1E19FE9}
	EndGlobalSection
EndGlobal
